
Microsoft Visual Studio Solution File, Format Version 12.00
# Visual Studio Version 17
VisualStudioVersion = 17.10.35027.167
MinimumVisualStudioVersion = 10.0.40219.1
Project("{FAE04EC0-301F-11D3-BF4B-00C04F79EFBC}") = "ValesApp", "ValesApp\ValesApp.csproj", "{BECF7B9D-8C42-4582-95D7-0C87115643B6}"
EndProject
Global
	GlobalSection(SolutionConfigurationPlatforms) = preSolution
		Debug|Any CPU = Debug|Any CPU
		Release|Any CPU = Release|Any CPU
	EndGlobalSection
	GlobalSection(ProjectConfigurationPlatforms) = postSolution
		{BECF7B9D-8C42-4582-95D7-0C87115643B6}.Debug|Any CPU.ActiveCfg = Debug|Any CPU
		{BECF7B9D-8C42-4582-95D7-0C87115643B6}.Debug|Any CPU.Build.0 = Debug|Any CPU
		{BECF7B9D-8C42-4582-95D7-0C87115643B6}.Release|Any CPU.ActiveCfg = Release|Any CPU
		{BECF7B9D-8C42-4582-95D7-0C87115643B6}.Release|Any CPU.Build.0 = Release|Any CPU
	EndGlobalSection
	GlobalSection(SolutionProperties) = preSolution
		HideSolutionNode = FALSE
	EndGlobalSection
	GlobalSection(ExtensibilityGlobals) = postSolution
		SolutionGuid = {6FD36E96-6EC2-4A76-8897-DF7325E15571}
	EndGlobalSection
EndGlobal
